
Microsoft Visual Studio Solution File, Format Version 12.00
# Visual Studio Version 17
VisualStudioVersion = 17.7.34221.43
MinimumVisualStudioVersion = 10.0.40219.1
Project("{FAE04EC0-301F-11D3-BF4B-00C04F79EFBC}") = "Bojovnik Hra", "Bojovnik Hra\Bojovnik Hra.csproj", "{8B0404DF-2AB4-4B6C-BE29-3B570736826A}"
EndProject
Global
	GlobalSection(SolutionConfigurationPlatforms) = preSolution
		Debug|Any CPU = Debug|Any CPU
		Release|Any CPU = Release|Any CPU
	EndGlobalSection
	GlobalSection(ProjectConfigurationPlatforms) = postSolution
		{8B0404DF-2AB4-4B6C-BE29-3B570736826A}.Debug|Any CPU.ActiveCfg = Debug|Any CPU
		{8B0404DF-2AB4-4B6C-BE29-3B570736826A}.Debug|Any CPU.Build.0 = Debug|Any CPU
		{8B0404DF-2AB4-4B6C-BE29-3B570736826A}.Release|Any CPU.ActiveCfg = Release|Any CPU
		{8B0404DF-2AB4-4B6C-BE29-3B570736826A}.Release|Any CPU.Build.0 = Release|Any CPU
	EndGlobalSection
	GlobalSection(SolutionProperties) = preSolution
		HideSolutionNode = FALSE
	EndGlobalSection
	GlobalSection(ExtensibilityGlobals) = postSolution
		SolutionGuid = {8C163A2D-DEE6-4681-94A6-44694D9B5A24}
	EndGlobalSection
EndGlobal
