
Microsoft Visual Studio Solution File, Format Version 12.00
# Visual Studio Version 17
VisualStudioVersion = 17.7.34221.43
MinimumVisualStudioVersion = 10.0.40219.1
Project("{FAE04EC0-301F-11D3-BF4B-00C04F79EFBC}") = "OP", "OP\OP.csproj", "{8C8D8CA4-A50B-4CD6-B5D2-EFB47520D9F8}"
EndProject
Global
	GlobalSection(SolutionConfigurationPlatforms) = preSolution
		Debug|Any CPU = Debug|Any CPU
		Release|Any CPU = Release|Any CPU
	EndGlobalSection
	GlobalSection(ProjectConfigurationPlatforms) = postSolution
		{8C8D8CA4-A50B-4CD6-B5D2-EFB47520D9F8}.Debug|Any CPU.ActiveCfg = Debug|Any CPU
		{8C8D8CA4-A50B-4CD6-B5D2-EFB47520D9F8}.Debug|Any CPU.Build.0 = Debug|Any CPU
		{8C8D8CA4-A50B-4CD6-B5D2-EFB47520D9F8}.Release|Any CPU.ActiveCfg = Release|Any CPU
		{8C8D8CA4-A50B-4CD6-B5D2-EFB47520D9F8}.Release|Any CPU.Build.0 = Release|Any CPU
	EndGlobalSection
	GlobalSection(SolutionProperties) = preSolution
		HideSolutionNode = FALSE
	EndGlobalSection
	GlobalSection(ExtensibilityGlobals) = postSolution
		SolutionGuid = {A48DE4CE-28AE-4FB8-B0B4-9DF9EE6B720F}
	EndGlobalSection
EndGlobal
